
Microsoft Visual Studio Solution File, Format Version 11.00
# Visual Studio 2010
Project("{FAE04EC0-301F-11D3-BF4B-00C04F79EFBC}") = "BandedSpectrumAnalyzer", "BandedSpectrumAnalyzer\BandedSpectrumAnalyzer.csproj", "{E19DB2CD-B147-4D2C-89D3-53A222F73CCF}"
EndProject
Global
	GlobalSection(SolutionConfigurationPlatforms) = preSolution
		Debug|x86 = Debug|x86
		Release|x86 = Release|x86
	EndGlobalSection
	GlobalSection(ProjectConfigurationPlatforms) = postSolution
		{E19DB2CD-B147-4D2C-89D3-53A222F73CCF}.Debug|x86.ActiveCfg = Debug|x86
		{E19DB2CD-B147-4D2C-89D3-53A222F73CCF}.Debug|x86.Build.0 = Debug|x86
		{E19DB2CD-B147-4D2C-89D3-53A222F73CCF}.Release|x86.ActiveCfg = Release|x86
		{E19DB2CD-B147-4D2C-89D3-53A222F73CCF}.Release|x86.Build.0 = Release|x86
	EndGlobalSection
	GlobalSection(SolutionProperties) = preSolution
		HideSolutionNode = FALSE
	EndGlobalSection
EndGlobal
